{
  "nodes": {
    "flake-registry": {
      "flake": false,
      "locked": {
        "lastModified": 1606819374,
        "narHash": "sha256-JGUmsbvPgK33mQxExZEThg0Q2b0dmlOjU/JYMmpCS+I=",
        "owner": "NixOS",
        "repo": "flake-registry",
        "rev": "94269f4cd4cb50f937200585a9abd05c6faa4452",
        "type": "github"
      },
      "original": {
        "owner": "NixOS",
        "repo": "flake-registry",
        "type": "github"
      }
    },
    "home-manager": {
      "inputs": {
        "nixpkgs": [
          "nixpkgs"
        ]
      },
      "locked": {
        "lastModified": 1611323638,
        "narHash": "sha256-+7wm2RH82NYTZjzl0Nw+8E4yyXqVp/6xPdPWHAQXlt8=",
        "owner": "rycee",
        "repo": "home-manager",
        "rev": "91bd34620d73340be03642279ee0d1c64110ee6c",
        "type": "github"
      },
      "original": {
        "owner": "rycee",
        "ref": "release-20.09",
        "repo": "home-manager",
        "type": "github"
      }
    },
    "nixos-hardware": {
      "locked": {
        "lastModified": 1611383797,
        "narHash": "sha256-FIpG2f4+d9UsXCogBTswoPjD/aWZ3dvV5TZjqlL4gyM=",
        "owner": "NixOS",
        "repo": "nixos-hardware",
        "rev": "a0d8383c422f85f37fccee5af74b1cb4b52287d9",
        "type": "github"
      },
      "original": {
        "id": "nixos-hardware",
        "type": "indirect"
      }
    },
    "nixpkgs": {
      "locked": {
        "lastModified": 1611737567,
        "narHash": "sha256-r+Bol0hN5TFlX8cxF7Z6TQOE3EJSFHdDMr84Zm5ZVNs=",
        "owner": "NixOS",
        "repo": "nixpkgs",
        "rev": "85abeab48b5feda4b163e5bb32f50aad1164e415",
        "type": "github"
      },
      "original": {
        "owner": "NixOS",
        "ref": "nixos-20.09",
        "repo": "nixpkgs",
        "type": "github"
      }
    },
    "nixpkgs-unstable": {
      "locked": {
        "lastModified": 1611823484,
        "narHash": "sha256-tdQauiAzId1UEPer5xU5rmlj25PZilMgmzRGdzmCQIQ=",
        "owner": "Mic92",
        "repo": "nixpkgs",
        "rev": "e8d308fe0a606f1e5db039ef4d44df058681cd58",
        "type": "github"
      },
      "original": {
        "owner": "Mic92",
        "repo": "nixpkgs",
        "type": "github"
      }
    },
    "nur": {
      "locked": {
        "lastModified": 1611799811,
        "narHash": "sha256-Hv991iOJIN6zJOP6GF9tPFDtqMH05MARXFkzJROZRfw=",
        "owner": "nix-community",
        "repo": "NUR",
        "rev": "33fcb6d667f86e48ad2a7547fefa7bdd4b3099c2",
        "type": "github"
      },
      "original": {
        "owner": "nix-community",
        "repo": "NUR",
        "type": "github"
      }
    },
    "retiolum": {
      "locked": {
        "lastModified": 1611598693,
        "narHash": "sha256-lXIBdXPiLssmPa9AGGJ6joVxjCdKHbIV/oqb0WOseZ0=",
        "ref": "master",
        "rev": "6ee43583ef64c030609c64487670fcfa14221301",
        "revCount": 58,
        "type": "git",
        "url": "https://git.thalheim.io/Mic92/retiolum"
      },
      "original": {
        "type": "git",
        "url": "https://git.thalheim.io/Mic92/retiolum"
      }
    },
    "root": {
      "inputs": {
        "flake-registry": "flake-registry",
        "home-manager": "home-manager",
        "nixos-hardware": "nixos-hardware",
        "nixpkgs": "nixpkgs",
        "nixpkgs-unstable": "nixpkgs-unstable",
        "nur": "nur",
        "retiolum": "retiolum"
      }
    }
  },
  "root": "root",
  "version": 7
}
